
Microsoft Visual Studio Solution File, Format Version 12.00
# Visual Studio Version 17
VisualStudioVersion = 17.0.32014.148
MinimumVisualStudioVersion = 10.0.40219.1
Project("{FAE04EC0-301F-11D3-BF4B-00C04F79EFBC}") = "FeatureFlags", "FeatureFlags\FeatureFlags.csproj", "{FA130DED-CDA6-4055-9FE2-6D7A37C76128}"
EndProject
Global
	GlobalSection(SolutionConfigurationPlatforms) = preSolution
		Debug|Any CPU = Debug|Any CPU
		Release|Any CPU = Release|Any CPU
	EndGlobalSection
	GlobalSection(ProjectConfigurationPlatforms) = postSolution
		{FA130DED-CDA6-4055-9FE2-6D7A37C76128}.Debug|Any CPU.ActiveCfg = Debug|Any CPU
		{FA130DED-CDA6-4055-9FE2-6D7A37C76128}.Debug|Any CPU.Build.0 = Debug|Any CPU
		{FA130DED-CDA6-4055-9FE2-6D7A37C76128}.Release|Any CPU.ActiveCfg = Release|Any CPU
		{FA130DED-CDA6-4055-9FE2-6D7A37C76128}.Release|Any CPU.Build.0 = Release|Any CPU
	EndGlobalSection
	GlobalSection(SolutionProperties) = preSolution
		HideSolutionNode = FALSE
	EndGlobalSection
	GlobalSection(ExtensibilityGlobals) = postSolution
		SolutionGuid = {A980157D-E1B0-4758-B853-B87E0AC625C4}
	EndGlobalSection
EndGlobal
